<Solution>
  <Folder Name="/deploy/">
    <File Path="docker-compose.yml" />
  </Folder>
  <Folder Name="/src/" />
  <Folder Name="/src/Core/">
    <Project Path="Papa.Planilla.Application/Papa.Planilla.Application.csproj" />
    <Project Path="Papa.Planilla.Domain/Papa.Planilla.Domain.csproj" />
  </Folder>
  <Folder Name="/src/Infraestructure/">
    <Project Path="Papa.Planilla.Infraestructure/Papa.Planilla.Infraestructure.csproj" />
  </Folder>
  <Folder Name="/src/Presentation/">
    <Project Path="Papa.Planilla.API/Papa.Planilla.API.csproj" />
    <Project Path="Papa.Planilla.SOAP/Papa.Planilla.SOAP.csproj" Id="d33641c4-565c-4b56-8926-2c41b4e6dec2" />
  </Folder>
</Solution>
